
Microsoft Visual Studio Solution File, Format Version 12.00
# Visual Studio Version 16
VisualStudioVersion = 16.0.30225.117
MinimumVisualStudioVersion = 10.0.40219.1
Project("{9A19103F-16F7-4668-BE54-9A1E7A4F7556}") = "Entities", "Entities\Entities.csproj", "{4FE02E37-63B7-4EF9-B3FC-2C55F9405C51}"
EndProject
Project("{9A19103F-16F7-4668-BE54-9A1E7A4F7556}") = "Contracts", "Contracts\Contracts.csproj", "{051E18CD-B483-4ADF-A733-7F901513009F}"
EndProject
Project("{9A19103F-16F7-4668-BE54-9A1E7A4F7556}") = "Reposiory", "Reposiory\Reposiory.csproj", "{1BD42EB8-72EC-42B7-BD07-C17633AF9A39}"
EndProject
Project("{9A19103F-16F7-4668-BE54-9A1E7A4F7556}") = "LoggerService", "LoggerService\LoggerService.csproj", "{B51EE7A9-4B8E-4F13-9833-17DAE3974CC1}"
EndProject
Project("{9A19103F-16F7-4668-BE54-9A1E7A4F7556}") = "CompanyEmployee", "ASP_CORE_3_Ultimate_API\CompanyEmployee.csproj", "{DE24B8D4-0232-4868-8D7D-457A9E6EB43C}"
EndProject
Global
	GlobalSection(SolutionConfigurationPlatforms) = preSolution
		Debug|Any CPU = Debug|Any CPU
		Release|Any CPU = Release|Any CPU
	EndGlobalSection
	GlobalSection(ProjectConfigurationPlatforms) = postSolution
		{4FE02E37-63B7-4EF9-B3FC-2C55F9405C51}.Debug|Any CPU.ActiveCfg = Debug|Any CPU
		{4FE02E37-63B7-4EF9-B3FC-2C55F9405C51}.Debug|Any CPU.Build.0 = Debug|Any CPU
		{4FE02E37-63B7-4EF9-B3FC-2C55F9405C51}.Release|Any CPU.ActiveCfg = Release|Any CPU
		{4FE02E37-63B7-4EF9-B3FC-2C55F9405C51}.Release|Any CPU.Build.0 = Release|Any CPU
		{051E18CD-B483-4ADF-A733-7F901513009F}.Debug|Any CPU.ActiveCfg = Debug|Any CPU
		{051E18CD-B483-4ADF-A733-7F901513009F}.Debug|Any CPU.Build.0 = Debug|Any CPU
		{051E18CD-B483-4ADF-A733-7F901513009F}.Release|Any CPU.ActiveCfg = Release|Any CPU
		{051E18CD-B483-4ADF-A733-7F901513009F}.Release|Any CPU.Build.0 = Release|Any CPU
		{1BD42EB8-72EC-42B7-BD07-C17633AF9A39}.Debug|Any CPU.ActiveCfg = Debug|Any CPU
		{1BD42EB8-72EC-42B7-BD07-C17633AF9A39}.Debug|Any CPU.Build.0 = Debug|Any CPU
		{1BD42EB8-72EC-42B7-BD07-C17633AF9A39}.Release|Any CPU.ActiveCfg = Release|Any CPU
		{1BD42EB8-72EC-42B7-BD07-C17633AF9A39}.Release|Any CPU.Build.0 = Release|Any CPU
		{B51EE7A9-4B8E-4F13-9833-17DAE3974CC1}.Debug|Any CPU.ActiveCfg = Debug|Any CPU
		{B51EE7A9-4B8E-4F13-9833-17DAE3974CC1}.Debug|Any CPU.Build.0 = Debug|Any CPU
		{B51EE7A9-4B8E-4F13-9833-17DAE3974CC1}.Release|Any CPU.ActiveCfg = Release|Any CPU
		{B51EE7A9-4B8E-4F13-9833-17DAE3974CC1}.Release|Any CPU.Build.0 = Release|Any CPU
		{DE24B8D4-0232-4868-8D7D-457A9E6EB43C}.Debug|Any CPU.ActiveCfg = Debug|Any CPU
		{DE24B8D4-0232-4868-8D7D-457A9E6EB43C}.Debug|Any CPU.Build.0 = Debug|Any CPU
		{DE24B8D4-0232-4868-8D7D-457A9E6EB43C}.Release|Any CPU.ActiveCfg = Release|Any CPU
		{DE24B8D4-0232-4868-8D7D-457A9E6EB43C}.Release|Any CPU.Build.0 = Release|Any CPU
	EndGlobalSection
	GlobalSection(SolutionProperties) = preSolution
		HideSolutionNode = FALSE
	EndGlobalSection
	GlobalSection(ExtensibilityGlobals) = postSolution
		SolutionGuid = {FA748A17-7F28-4FB6-9627-D625E8DCB5A0}
	EndGlobalSection
EndGlobal
